// !$*UTF8*$!
{
	archiveVersion = 1;
	classes = {
	};
	objectVersion = 55;
	objects = {

/* Begin PBXBuildFile section */
		21EA470D7C9A5C879C97DA07 /* Pods_instagram_clone_ios.framework in Frameworks */ = {isa = PBXBuildFile; fileRef = 1CEE10FDE3E7C6CA970CC6D3 /* Pods_instagram_clone_ios.framework */; };
		4D0DFD0B280C4A40003E63F7 /* CreatePostView.swift in Sources */ = {isa = PBXBuildFile; fileRef = 4D0DFD0A280C4A40003E63F7 /* CreatePostView.swift */; };
		4D0DFD0D280C4CDE003E63F7 /* PostView.swift in Sources */ = {isa = PBXBuildFile; fileRef = 4D0DFD0C280C4CDE003E63F7 /* PostView.swift */; };
		4D0DFD0F28143736003E63F7 /* PostModel.swift in Sources */ = {isa = PBXBuildFile; fileRef = 4D0DFD0E28143736003E63F7 /* PostModel.swift */; };
		4D0DFD1128147E4D003E63F7 /* CommentModel.swift in Sources */ = {isa = PBXBuildFile; fileRef = 4D0DFD1028147E4D003E63F7 /* CommentModel.swift */; };
		4D0DFD1328187FD7003E63F7 /* UserModel.swift in Sources */ = {isa = PBXBuildFile; fileRef = 4D0DFD1228187FD6003E63F7 /* UserModel.swift */; };
		4DFB23F5280C3DE200F4BC08 /* instagram_clone_iosApp.swift in Sources */ = {isa = PBXBuildFile; fileRef = 4DFB23F4280C3DE200F4BC08 /* instagram_clone_iosApp.swift */; };
		4DFB23F7280C3DE200F4BC08 /* ContentView.swift in Sources */ = {isa = PBXBuildFile; fileRef = 4DFB23F6280C3DE200F4BC08 /* ContentView.swift */; };
		4DFB23F9280C3DE300F4BC08 /* Assets.xcassets in Resources */ = {isa = PBXBuildFile; fileRef = 4DFB23F8280C3DE300F4BC08 /* Assets.xcassets */; };
		4DFB23FC280C3DE300F4BC08 /* Preview Assets.xcassets in Resources */ = {isa = PBXBuildFile; fileRef = 4DFB23FB280C3DE300F4BC08 /* Preview Assets.xcassets */; };
		4DFB2406280C453C00F4BC08 /* MainView.swift in Sources */ = {isa = PBXBuildFile; fileRef = 4DFB2405280C453C00F4BC08 /* MainView.swift */; };
		4DFB2408280C455300F4BC08 /* ProfileView.swift in Sources */ = {isa = PBXBuildFile; fileRef = 4DFB2407280C455300F4BC08 /* ProfileView.swift */; };
		4DFB240B280C491300F4BC08 /* HomeView.swift in Sources */ = {isa = PBXBuildFile; fileRef = 4DFB240A280C491300F4BC08 /* HomeView.swift */; };
/* End PBXBuildFile section */

/* Begin PBXFileReference section */
		1CEE10FDE3E7C6CA970CC6D3 /* Pods_instagram_clone_ios.framework */ = {isa = PBXFileReference; explicitFileType = wrapper.framework; includeInIndex = 0; path = Pods_instagram_clone_ios.framework; sourceTree = BUILT_PRODUCTS_DIR; };
		4D0DFD0A280C4A40003E63F7 /* CreatePostView.swift */ = {isa = PBXFileReference; lastKnownFileType = sourcecode.swift; path = CreatePostView.swift; sourceTree = "<group>"; };
		4D0DFD0C280C4CDE003E63F7 /* PostView.swift */ = {isa = PBXFileReference; lastKnownFileType = sourcecode.swift; path = PostView.swift; sourceTree = "<group>"; };
		4D0DFD0E28143736003E63F7 /* PostModel.swift */ = {isa = PBXFileReference; lastKnownFileType = sourcecode.swift; path = PostModel.swift; sourceTree = "<group>"; };
		4D0DFD1028147E4D003E63F7 /* CommentModel.swift */ = {isa = PBXFileReference; lastKnownFileType = sourcecode.swift; path = CommentModel.swift; sourceTree = "<group>"; };
		4D0DFD1228187FD6003E63F7 /* UserModel.swift */ = {isa = PBXFileReference; lastKnownFileType = sourcecode.swift; path = UserModel.swift; sourceTree = "<group>"; };
		4DFB23F1280C3DE200F4BC08 /* instagram-clone-ios.app */ = {isa = PBXFileReference; explicitFileType = wrapper.application; includeInIndex = 0; path = "instagram-clone-ios.app"; sourceTree = BUILT_PRODUCTS_DIR; };
		4DFB23F4280C3DE200F4BC08 /* instagram_clone_iosApp.swift */ = {isa = PBXFileReference; lastKnownFileType = sourcecode.swift; path = instagram_clone_iosApp.swift; sourceTree = "<group>"; };
		4DFB23F6280C3DE200F4BC08 /* ContentView.swift */ = {isa = PBXFileReference; lastKnownFileType = sourcecode.swift; path = ContentView.swift; sourceTree = "<group>"; };
		4DFB23F8280C3DE300F4BC08 /* Assets.xcassets */ = {isa = PBXFileReference; lastKnownFileType = folder.assetcatalog; path = Assets.xcassets; sourceTree = "<group>"; };
		4DFB23FB280C3DE300F4BC08 /* Preview Assets.xcassets */ = {isa = PBXFileReference; lastKnownFileType = folder.assetcatalog; path = "Preview Assets.xcassets"; sourceTree = "<group>"; };
		4DFB2405280C453C00F4BC08 /* MainView.swift */ = {isa = PBXFileReference; lastKnownFileType = sourcecode.swift; path = MainView.swift; sourceTree = "<group>"; };
		4DFB2407280C455300F4BC08 /* ProfileView.swift */ = {isa = PBXFileReference; lastKnownFileType = sourcecode.swift; path = ProfileView.swift; sourceTree = "<group>"; };
		4DFB240A280C491300F4BC08 /* HomeView.swift */ = {isa = PBXFileReference; lastKnownFileType = sourcecode.swift; path = HomeView.swift; sourceTree = "<group>"; };
		7C00CE60334076ACD724E947 /* Pods-instagram-clone-ios.debug.xcconfig */ = {isa = PBXFileReference; includeInIndex = 1; lastKnownFileType = text.xcconfig; name = "Pods-instagram-clone-ios.debug.xcconfig"; path = "Target Support Files/Pods-instagram-clone-ios/Pods-instagram-clone-ios.debug.xcconfig"; sourceTree = "<group>"; };
		C94DEDBF37C2851F09CA6B43 /* Pods-instagram-clone-ios.release.xcconfig */ = {isa = PBXFileReference; includeInIndex = 1; lastKnownFileType = text.xcconfig; name = "Pods-instagram-clone-ios.release.xcconfig"; path = "Target Support Files/Pods-instagram-clone-ios/Pods-instagram-clone-ios.release.xcconfig"; sourceTree = "<group>"; };
/* End PBXFileReference section */

/* Begin PBXFrameworksBuildPhase section */
		4DFB23EE280C3DE200F4BC08 /* Frameworks */ = {
			isa = PBXFrameworksBuildPhase;
			buildActionMask = 2147483647;
			files = (
				21EA470D7C9A5C879C97DA07 /* Pods_instagram_clone_ios.framework in Frameworks */,
			);
			runOnlyForDeploymentPostprocessing = 0;
		};
/* End PBXFrameworksBuildPhase section */

/* Begin PBXGroup section */
		4DFB23E8280C3DE200F4BC08 = {
			isa = PBXGroup;
			children = (
				4DFB2404280C3E1200F4BC08 /* Views */,
				4DFB2403280C3E0900F4BC08 /* ViewModels */,
				4DFB2402280C3DFD00F4BC08 /* Models */,
				4DFB23F3280C3DE200F4BC08 /* instagram-clone-ios */,
				4DFB23F2280C3DE200F4BC08 /* Products */,
				C210C754B3A6EEE164D39CC6 /* Pods */,
				7DEB0801B71F6310F9D6DFBB /* Frameworks */,
			);
			sourceTree = "<group>";
		};
		4DFB23F2280C3DE200F4BC08 /* Products */ = {
			isa = PBXGroup;
			children = (
				4DFB23F1280C3DE200F4BC08 /* instagram-clone-ios.app */,
			);
			name = Products;
			sourceTree = "<group>";
		};
		4DFB23F3280C3DE200F4BC08 /* instagram-clone-ios */ = {
			isa = PBXGroup;
			children = (
				4DFB23F4280C3DE200F4BC08 /* instagram_clone_iosApp.swift */,
				4DFB23F6280C3DE200F4BC08 /* ContentView.swift */,
				4DFB23F8280C3DE300F4BC08 /* Assets.xcassets */,
				4DFB23FA280C3DE300F4BC08 /* Preview Content */,
			);
			path = "instagram-clone-ios";
			sourceTree = "<group>";
		};
		4DFB23FA280C3DE300F4BC08 /* Preview Content */ = {
			isa = PBXGroup;
			children = (
				4DFB23FB280C3DE300F4BC08 /* Preview Assets.xcassets */,
			);
			path = "Preview Content";
			sourceTree = "<group>";
		};
		4DFB2402280C3DFD00F4BC08 /* Models */ = {
			isa = PBXGroup;
			children = (
				4D0DFD0E28143736003E63F7 /* PostModel.swift */,
				4D0DFD1028147E4D003E63F7 /* CommentModel.swift */,
				4D0DFD1228187FD6003E63F7 /* UserModel.swift */,
			);
			path = Models;
			sourceTree = "<group>";
		};
		4DFB2403280C3E0900F4BC08 /* ViewModels */ = {
			isa = PBXGroup;
			children = (
			);
			path = ViewModels;
			sourceTree = "<group>";
		};
		4DFB2404280C3E1200F4BC08 /* Views */ = {
			isa = PBXGroup;
			children = (
				4DFB2405280C453C00F4BC08 /* MainView.swift */,
				4DFB2407280C455300F4BC08 /* ProfileView.swift */,
				4DFB240A280C491300F4BC08 /* HomeView.swift */,
				4D0DFD0A280C4A40003E63F7 /* CreatePostView.swift */,
				4D0DFD0C280C4CDE003E63F7 /* PostView.swift */,
			);
			path = Views;
			sourceTree = "<group>";
		};
		7DEB0801B71F6310F9D6DFBB /* Frameworks */ = {
			isa = PBXGroup;
			children = (
				1CEE10FDE3E7C6CA970CC6D3 /* Pods_instagram_clone_ios.framework */,
			);
			name = Frameworks;
			sourceTree = "<group>";
		};
		C210C754B3A6EEE164D39CC6 /* Pods */ = {
			isa = PBXGroup;
			children = (
				7C00CE60334076ACD724E947 /* Pods-instagram-clone-ios.debug.xcconfig */,
				C94DEDBF37C2851F09CA6B43 /* Pods-instagram-clone-ios.release.xcconfig */,
			);
			name = Pods;
			path = Pods;
			sourceTree = "<group>";
		};
/* End PBXGroup section */

/* Begin PBXNativeTarget section */
		4DFB23F0280C3DE200F4BC08 /* instagram-clone-ios */ = {
			isa = PBXNativeTarget;
			buildConfigurationList = 4DFB23FF280C3DE300F4BC08 /* Build configuration list for PBXNativeTarget "instagram-clone-ios" */;
			buildPhases = (
				54E337B1BDE0A35C733F133A /* [CP] Check Pods Manifest.lock */,
				4DFB23ED280C3DE200F4BC08 /* Sources */,
				4DFB23EE280C3DE200F4BC08 /* Frameworks */,
				4DFB23EF280C3DE200F4BC08 /* Resources */,
			);
			buildRules = (
			);
			dependencies = (
			);
			name = "instagram-clone-ios";
			productName = "instagram-clone-ios";
			productReference = 4DFB23F1280C3DE200F4BC08 /* instagram-clone-ios.app */;
			productType = "com.apple.product-type.application";
		};
/* End PBXNativeTarget section */

/* Begin PBXProject section */
		4DFB23E9280C3DE200F4BC08 /* Project object */ = {
			isa = PBXProject;
			attributes = {
				BuildIndependentTargetsInParallel = 1;
				LastSwiftUpdateCheck = 1310;
				LastUpgradeCheck = 1310;
				TargetAttributes = {
					4DFB23F0280C3DE200F4BC08 = {
						CreatedOnToolsVersion = 13.1;
					};
				};
			};
			buildConfigurationList = 4DFB23EC280C3DE200F4BC08 /* Build configuration list for PBXProject "instagram-clone-ios" */;
			compatibilityVersion = "Xcode 13.0";
			developmentRegion = en;
			hasScannedForEncodings = 0;
			knownRegions = (
				en,
				Base,
			);
			mainGroup = 4DFB23E8280C3DE200F4BC08;
			productRefGroup = 4DFB23F2280C3DE200F4BC08 /* Products */;
			projectDirPath = "";
			projectRoot = "";
			targets = (
				4DFB23F0280C3DE200F4BC08 /* instagram-clone-ios */,
			);
		};
/* End PBXProject section */

/* Begin PBXResourcesBuildPhase section */
		4DFB23EF280C3DE200F4BC08 /* Resources */ = {
			isa = PBXResourcesBuildPhase;
			buildActionMask = 2147483647;
			files = (
				4DFB23FC280C3DE300F4BC08 /* Preview Assets.xcassets in Resources */,
				4DFB23F9280C3DE300F4BC08 /* Assets.xcassets in Resources */,
			);
			runOnlyForDeploymentPostprocessing = 0;
		};
/* End PBXResourcesBuildPhase section */

/* Begin PBXShellScriptBuildPhase section */
		54E337B1BDE0A35C733F133A /* [CP] Check Pods Manifest.lock */ = {
			isa = PBXShellScriptBuildPhase;
			buildActionMask = 2147483647;
			files = (
			);
			inputFileListPaths = (
			);
			inputPaths = (
				"${PODS_PODFILE_DIR_PATH}/Podfile.lock",
				"${PODS_ROOT}/Manifest.lock",
			);
			name = "[CP] Check Pods Manifest.lock";
			outputFileListPaths = (
			);
			outputPaths = (
				"$(DERIVED_FILE_DIR)/Pods-instagram-clone-ios-checkManifestLockResult.txt",
			);
			runOnlyForDeploymentPostprocessing = 0;
			shellPath = /bin/sh;
			shellScript = "diff \"${PODS_PODFILE_DIR_PATH}/Podfile.lock\" \"${PODS_ROOT}/Manifest.lock\" > /dev/null\nif [ $? != 0 ] ; then\n    # print error to STDERR\n    echo \"error: The sandbox is not in sync with the Podfile.lock. Run 'pod install' or update your CocoaPods installation.\" >&2\n    exit 1\nfi\n# This output is used by Xcode 'outputs' to avoid re-running this script phase.\necho \"SUCCESS\" > \"${SCRIPT_OUTPUT_FILE_0}\"\n";
			showEnvVarsInLog = 0;
		};
/* End PBXShellScriptBuildPhase section */

/* Begin PBXSourcesBuildPhase section */
		4DFB23ED280C3DE200F4BC08 /* Sources */ = {
			isa = PBXSourcesBuildPhase;
			buildActionMask = 2147483647;
			files = (
				4D0DFD0D280C4CDE003E63F7 /* PostView.swift in Sources */,
				4D0DFD0F28143736003E63F7 /* PostModel.swift in Sources */,
				4DFB2408280C455300F4BC08 /* ProfileView.swift in Sources */,
				4DFB23F7280C3DE200F4BC08 /* ContentView.swift in Sources */,
				4DFB2406280C453C00F4BC08 /* MainView.swift in Sources */,
				4D0DFD0B280C4A40003E63F7 /* CreatePostView.swift in Sources */,
				4DFB240B280C491300F4BC08 /* HomeView.swift in Sources */,
				4D0DFD1128147E4D003E63F7 /* CommentModel.swift in Sources */,
				4D0DFD1328187FD7003E63F7 /* UserModel.swift in Sources */,
				4DFB23F5280C3DE200F4BC08 /* instagram_clone_iosApp.swift in Sources */,
			);
			runOnlyForDeploymentPostprocessing = 0;
		};
/* End PBXSourcesBuildPhase section */

/* Begin XCBuildConfiguration section */
		4DFB23FD280C3DE300F4BC08 /* Debug */ = {
			isa = XCBuildConfiguration;
			buildSettings = {
				ALWAYS_SEARCH_USER_PATHS = NO;
				CLANG_ANALYZER_NONNULL = YES;
				CLANG_ANALYZER_NUMBER_OBJECT_CONVERSION = YES_AGGRESSIVE;
				CLANG_CXX_LANGUAGE_STANDARD = "gnu++17";
				CLANG_CXX_LIBRARY = "libc++";
				CLANG_ENABLE_MODULES = YES;
				CLANG_ENABLE_OBJC_ARC = YES;
				CLANG_ENABLE_OBJC_WEAK = YES;
				CLANG_WARN_BLOCK_CAPTURE_AUTORELEASING = YES;
				CLANG_WARN_BOOL_CONVERSION = YES;
				CLANG_WARN_COMMA = YES;
				CLANG_WARN_CONSTANT_CONVERSION = YES;
				CLANG_WARN_DEPRECATED_OBJC_IMPLEMENTATIONS = YES;
				CLANG_WARN_DIRECT_OBJC_ISA_USAGE = YES_ERROR;
				CLANG_WARN_DOCUMENTATION_COMMENTS = YES;
				CLANG_WARN_EMPTY_BODY = YES;
				CLANG_WARN_ENUM_CONVERSION = YES;
				CLANG_WARN_INFINITE_RECURSION = YES;
				CLANG_WARN_INT_CONVERSION = YES;
				CLANG_WARN_NON_LITERAL_NULL_CONVERSION = YES;
				CLANG_WARN_OBJC_IMPLICIT_RETAIN_SELF = YES;
				CLANG_WARN_OBJC_LITERAL_CONVERSION = YES;
				CLANG_WARN_OBJC_ROOT_CLASS = YES_ERROR;
				CLANG_WARN_QUOTED_INCLUDE_IN_FRAMEWORK_HEADER = YES;
				CLANG_WARN_RANGE_LOOP_ANALYSIS = YES;
				CLANG_WARN_STRICT_PROTOTYPES = YES;
				CLANG_WARN_SUSPICIOUS_MOVE = YES;
				CLANG_WARN_UNGUARDED_AVAILABILITY = YES_AGGRESSIVE;
				CLANG_WARN_UNREACHABLE_CODE = YES;
				CLANG_WARN__DUPLICATE_METHOD_MATCH = YES;
				COPY_PHASE_STRIP = NO;
				DEBUG_INFORMATION_FORMAT = dwarf;
				ENABLE_STRICT_OBJC_MSGSEND = YES;
				ENABLE_TESTABILITY = YES;
				GCC_C_LANGUAGE_STANDARD = gnu11;
				GCC_DYNAMIC_NO_PIC = NO;
				GCC_NO_COMMON_BLOCKS = YES;
				GCC_OPTIMIZATION_LEVEL = 0;
				GCC_PREPROCESSOR_DEFINITIONS = (
					"DEBUG=1",
					"$(inherited)",
				);
				GCC_WARN_64_TO_32_BIT_CONVERSION = YES;
				GCC_WARN_ABOUT_RETURN_TYPE = YES_ERROR;
				GCC_WARN_UNDECLARED_SELECTOR = YES;
				GCC_WARN_UNINITIALIZED_AUTOS = YES_AGGRESSIVE;
				GCC_WARN_UNUSED_FUNCTION = YES;
				GCC_WARN_UNUSED_VARIABLE = YES;
				IPHONEOS_DEPLOYMENT_TARGET = 15.0;
				MTL_ENABLE_DEBUG_INFO = INCLUDE_SOURCE;
				MTL_FAST_MATH = YES;
				ONLY_ACTIVE_ARCH = YES;
				SDKROOT = iphoneos;
				SWIFT_ACTIVE_COMPILATION_CONDITIONS = DEBUG;
				SWIFT_OPTIMIZATION_LEVEL = "-Onone";
			};
			name = Debug;
		};
		4DFB23FE280C3DE300F4BC08 /* Release */ = {
			isa = XCBuildConfiguration;
			buildSettings = {
				ALWAYS_SEARCH_USER_PATHS = NO;
				CLANG_ANALYZER_NONNULL = YES;
				CLANG_ANALYZER_NUMBER_OBJECT_CONVERSION = YES_AGGRESSIVE;
				CLANG_CXX_LANGUAGE_STANDARD = "gnu++17";
				CLANG_CXX_LIBRARY = "libc++";
				CLANG_ENABLE_MODULES = YES;
				CLANG_ENABLE_OBJC_ARC = YES;
				CLANG_ENABLE_OBJC_WEAK = YES;
				CLANG_WARN_BLOCK_CAPTURE_AUTORELEASING = YES;
				CLANG_WARN_BOOL_CONVERSION = YES;
				CLANG_WARN_COMMA = YES;
				CLANG_WARN_CONSTANT_CONVERSION = YES;
				CLANG_WARN_DEPRECATED_OBJC_IMPLEMENTATIONS = YES;
				CLANG_WARN_DIRECT_OBJC_ISA_USAGE = YES_ERROR;
				CLANG_WARN_DOCUMENTATION_COMMENTS = YES;
				CLANG_WARN_EMPTY_BODY = YES;
				CLANG_WARN_ENUM_CONVERSION = YES;
				CLANG_WARN_INFINITE_RECURSION = YES;
				CLANG_WARN_INT_CONVERSION = YES;
				CLANG_WARN_NON_LITERAL_NULL_CONVERSION = YES;
				CLANG_WARN_OBJC_IMPLICIT_RETAIN_SELF = YES;
				CLANG_WARN_OBJC_LITERAL_CONVERSION = YES;
				CLANG_WARN_OBJC_ROOT_CLASS = YES_ERROR;
				CLANG_WARN_QUOTED_INCLUDE_IN_FRAMEWORK_HEADER = YES;
				CLANG_WARN_RANGE_LOOP_ANALYSIS = YES;
				CLANG_WARN_STRICT_PROTOTYPES = YES;
				CLANG_WARN_SUSPICIOUS_MOVE = YES;
				CLANG_WARN_UNGUARDED_AVAILABILITY = YES_AGGRESSIVE;
				CLANG_WARN_UNREACHABLE_CODE = YES;
				CLANG_WARN__DUPLICATE_METHOD_MATCH = YES;
				COPY_PHASE_STRIP = NO;
				DEBUG_INFORMATION_FORMAT = "dwarf-with-dsym";
				ENABLE_NS_ASSERTIONS = NO;
				ENABLE_STRICT_OBJC_MSGSEND = YES;
				GCC_C_LANGUAGE_STANDARD = gnu11;
				GCC_NO_COMMON_BLOCKS = YES;
				GCC_WARN_64_TO_32_BIT_CONVERSION = YES;
				GCC_WARN_ABOUT_RETURN_TYPE = YES_ERROR;
				GCC_WARN_UNDECLARED_SELECTOR = YES;
				GCC_WARN_UNINITIALIZED_AUTOS = YES_AGGRESSIVE;
				GCC_WARN_UNUSED_FUNCTION = YES;
				GCC_WARN_UNUSED_VARIABLE = YES;
				IPHONEOS_DEPLOYMENT_TARGET = 15.0;
				MTL_ENABLE_DEBUG_INFO = NO;
				MTL_FAST_MATH = YES;
				SDKROOT = iphoneos;
				SWIFT_COMPILATION_MODE = wholemodule;
				SWIFT_OPTIMIZATION_LEVEL = "-O";
				VALIDATE_PRODUCT = YES;
			};
			name = Release;
		};
		4DFB2400280C3DE300F4BC08 /* Debug */ = {
			isa = XCBuildConfiguration;
			baseConfigurationReference = 7C00CE60334076ACD724E947 /* Pods-instagram-clone-ios.debug.xcconfig */;
			buildSettings = {
				ASSETCATALOG_COMPILER_APPICON_NAME = AppIcon;
				ASSETCATALOG_COMPILER_GLOBAL_ACCENT_COLOR_NAME = AccentColor;
				CODE_SIGN_STYLE = Automatic;
				CURRENT_PROJECT_VERSION = 1;
				DEVELOPMENT_ASSET_PATHS = "\"instagram-clone-ios/Preview Content\"";
				DEVELOPMENT_TEAM = H55F9K55YU;
				ENABLE_PREVIEWS = YES;
				GENERATE_INFOPLIST_FILE = YES;
				INFOPLIST_KEY_UIApplicationSceneManifest_Generation = YES;
				INFOPLIST_KEY_UIApplicationSupportsIndirectInputEvents = YES;
				INFOPLIST_KEY_UILaunchScreen_Generation = YES;
				INFOPLIST_KEY_UISupportedInterfaceOrientations_iPad = "UIInterfaceOrientationPortrait UIInterfaceOrientationPortraitUpsideDown UIInterfaceOrientationLandscapeLeft UIInterfaceOrientationLandscapeRight";
				INFOPLIST_KEY_UISupportedInterfaceOrientations_iPhone = "UIInterfaceOrientationPortrait UIInterfaceOrientationLandscapeLeft UIInterfaceOrientationLandscapeRight";
				LD_RUNPATH_SEARCH_PATHS = (
					"$(inherited)",
					"@executable_path/Frameworks",
				);
				MARKETING_VERSION = 1.0;
				PRODUCT_BUNDLE_IDENTIFIER = "Bakir.instagram-clone-ios";
				PRODUCT_NAME = "$(TARGET_NAME)";
				SWIFT_EMIT_LOC_STRINGS = YES;
				SWIFT_VERSION = 5.0;
				TARGETED_DEVICE_FAMILY = "1,2";
			};
			name = Debug;
		};
		4DFB2401280C3DE300F4BC08 /* Release */ = {
			isa = XCBuildConfiguration;
			baseConfigurationReference = C94DEDBF37C2851F09CA6B43 /* Pods-instagram-clone-ios.release.xcconfig */;
			buildSettings = {
				ASSETCATALOG_COMPILER_APPICON_NAME = AppIcon;
				ASSETCATALOG_COMPILER_GLOBAL_ACCENT_COLOR_NAME = AccentColor;
				CODE_SIGN_STYLE = Automatic;
				CURRENT_PROJECT_VERSION = 1;
				DEVELOPMENT_ASSET_PATHS = "\"instagram-clone-ios/Preview Content\"";
				DEVELOPMENT_TEAM = H55F9K55YU;
				ENABLE_PREVIEWS = YES;
				GENERATE_INFOPLIST_FILE = YES;
				INFOPLIST_KEY_UIApplicationSceneManifest_Generation = YES;
				INFOPLIST_KEY_UIApplicationSupportsIndirectInputEvents = YES;
				INFOPLIST_KEY_UILaunchScreen_Generation = YES;
				INFOPLIST_KEY_UISupportedInterfaceOrientations_iPad = "UIInterfaceOrientationPortrait UIInterfaceOrientationPortraitUpsideDown UIInterfaceOrientationLandscapeLeft UIInterfaceOrientationLandscapeRight";
				INFOPLIST_KEY_UISupportedInterfaceOrientations_iPhone = "UIInterfaceOrientationPortrait UIInterfaceOrientationLandscapeLeft UIInterfaceOrientationLandscapeRight";
				LD_RUNPATH_SEARCH_PATHS = (
					"$(inherited)",
					"@executable_path/Frameworks",
				);
				MARKETING_VERSION = 1.0;
				PRODUCT_BUNDLE_IDENTIFIER = "Bakir.instagram-clone-ios";
				PRODUCT_NAME = "$(TARGET_NAME)";
				SWIFT_EMIT_LOC_STRINGS = YES;
				SWIFT_VERSION = 5.0;
				TARGETED_DEVICE_FAMILY = "1,2";
			};
			name = Release;
		};
/* End XCBuildConfiguration section */

/* Begin XCConfigurationList section */
		4DFB23EC280C3DE200F4BC08 /* Build configuration list for PBXProject "instagram-clone-ios" */ = {
			isa = XCConfigurationList;
			buildConfigurations = (
				4DFB23FD280C3DE300F4BC08 /* Debug */,
				4DFB23FE280C3DE300F4BC08 /* Release */,
			);
			defaultConfigurationIsVisible = 0;
			defaultConfigurationName = Release;
		};
		4DFB23FF280C3DE300F4BC08 /* Build configuration list for PBXNativeTarget "instagram-clone-ios" */ = {
			isa = XCConfigurationList;
			buildConfigurations = (
				4DFB2400280C3DE300F4BC08 /* Debug */,
				4DFB2401280C3DE300F4BC08 /* Release */,
			);
			defaultConfigurationIsVisible = 0;
			defaultConfigurationName = Release;
		};
/* End XCConfigurationList section */
	};
	rootObject = 4DFB23E9280C3DE200F4BC08 /* Project object */;
}
